// !$*UTF8*$!
{
	archiveVersion = 1;
	classes = {
	};
	objectVersion = 46;
	objects = {

/* Begin PBXBuildFile section */
		D7807E411F53198100E8648B /* AppDelegate.swift in Sources */ = {isa = PBXBuildFile; fileRef = D7807E401F53198100E8648B /* AppDelegate.swift */; };
		D7807E431F53198100E8648B /* ViewController.swift in Sources */ = {isa = PBXBuildFile; fileRef = D7807E421F53198100E8648B /* ViewController.swift */; };
		D7807E461F53198100E8648B /* Main.storyboard in Resources */ = {isa = PBXBuildFile; fileRef = D7807E441F53198100E8648B /* Main.storyboard */; };
		D7807E481F53198100E8648B /* Assets.xcassets in Resources */ = {isa = PBXBuildFile; fileRef = D7807E471F53198100E8648B /* Assets.xcassets */; };
		D7807E4B1F53198100E8648B /* LaunchScreen.storyboard in Resources */ = {isa = PBXBuildFile; fileRef = D7807E491F53198100E8648B /* LaunchScreen.storyboard */; };
		D7807E5A1F531C4500E8648B /* AppList.swift in Sources */ = {isa = PBXBuildFile; fileRef = D7807E531F531C4500E8648B /* AppList.swift */; };
		D7807E5B1F531C4500E8648B /* AppRepository.swift in Sources */ = {isa = PBXBuildFile; fileRef = D7807E541F531C4500E8648B /* AppRepository.swift */; };
		D7807E5C1F531C4500E8648B /* ConnectionConfigure.swift in Sources */ = {isa = PBXBuildFile; fileRef = D7807E551F531C4500E8648B /* ConnectionConfigure.swift */; };
		D7807E5D1F531C4500E8648B /* RecordList.swift in Sources */ = {isa = PBXBuildFile; fileRef = D7807E561F531C4500E8648B /* RecordList.swift */; };
		D7807E5E1F531C4500E8648B /* Root.swift in Sources */ = {isa = PBXBuildFile; fileRef = D7807E571F531C4500E8648B /* Root.swift */; };
		D7807E641F531C6300E8648B /* ApplicationComponent.swift in Sources */ = {isa = PBXBuildFile; fileRef = D7807E621F531C6300E8648B /* ApplicationComponent.swift */; };
		D7807E651F531C6300E8648B /* ApplicationModule.swift in Sources */ = {isa = PBXBuildFile; fileRef = D7807E631F531C6300E8648B /* ApplicationModule.swift */; };
		D7807E671F531DA900E8648B /* SessionComponent.swift in Sources */ = {isa = PBXBuildFile; fileRef = D7807E661F531DA900E8648B /* SessionComponent.swift */; };
/* End PBXBuildFile section */

/* Begin PBXFileReference section */
		D7807E3D1F53198100E8648B /* SwiftDI.app */ = {isa = PBXFileReference; explicitFileType = wrapper.application; includeInIndex = 0; path = SwiftDI.app; sourceTree = BUILT_PRODUCTS_DIR; };
		D7807E401F53198100E8648B /* AppDelegate.swift */ = {isa = PBXFileReference; lastKnownFileType = sourcecode.swift; path = AppDelegate.swift; sourceTree = "<group>"; };
		D7807E421F53198100E8648B /* ViewController.swift */ = {isa = PBXFileReference; lastKnownFileType = sourcecode.swift; path = ViewController.swift; sourceTree = "<group>"; };
		D7807E451F53198100E8648B /* Base */ = {isa = PBXFileReference; lastKnownFileType = file.storyboard; name = Base; path = Base.lproj/Main.storyboard; sourceTree = "<group>"; };
		D7807E471F53198100E8648B /* Assets.xcassets */ = {isa = PBXFileReference; lastKnownFileType = folder.assetcatalog; path = Assets.xcassets; sourceTree = "<group>"; };
		D7807E4A1F53198100E8648B /* Base */ = {isa = PBXFileReference; lastKnownFileType = file.storyboard; name = Base; path = Base.lproj/LaunchScreen.storyboard; sourceTree = "<group>"; };
		D7807E4C1F53198100E8648B /* Info.plist */ = {isa = PBXFileReference; lastKnownFileType = text.plist.xml; path = Info.plist; sourceTree = "<group>"; };
		D7807E531F531C4500E8648B /* AppList.swift */ = {isa = PBXFileReference; fileEncoding = 4; lastKnownFileType = sourcecode.swift; path = AppList.swift; sourceTree = "<group>"; };
		D7807E541F531C4500E8648B /* AppRepository.swift */ = {isa = PBXFileReference; fileEncoding = 4; lastKnownFileType = sourcecode.swift; path = AppRepository.swift; sourceTree = "<group>"; };
		D7807E551F531C4500E8648B /* ConnectionConfigure.swift */ = {isa = PBXFileReference; fileEncoding = 4; lastKnownFileType = sourcecode.swift; path = ConnectionConfigure.swift; sourceTree = "<group>"; };
		D7807E561F531C4500E8648B /* RecordList.swift */ = {isa = PBXFileReference; fileEncoding = 4; lastKnownFileType = sourcecode.swift; path = RecordList.swift; sourceTree = "<group>"; };
		D7807E571F531C4500E8648B /* Root.swift */ = {isa = PBXFileReference; fileEncoding = 4; lastKnownFileType = sourcecode.swift; path = Root.swift; sourceTree = "<group>"; };
		D7807E621F531C6300E8648B /* ApplicationComponent.swift */ = {isa = PBXFileReference; fileEncoding = 4; lastKnownFileType = sourcecode.swift; path = ApplicationComponent.swift; sourceTree = "<group>"; };
		D7807E631F531C6300E8648B /* ApplicationModule.swift */ = {isa = PBXFileReference; fileEncoding = 4; lastKnownFileType = sourcecode.swift; path = ApplicationModule.swift; sourceTree = "<group>"; };
		D7807E661F531DA900E8648B /* SessionComponent.swift */ = {isa = PBXFileReference; fileEncoding = 4; lastKnownFileType = sourcecode.swift; path = SessionComponent.swift; sourceTree = "<group>"; };
/* End PBXFileReference section */

/* Begin PBXFrameworksBuildPhase section */
		D7807E3A1F53198100E8648B /* Frameworks */ = {
			isa = PBXFrameworksBuildPhase;
			buildActionMask = 2147483647;
			files = (
			);
			runOnlyForDeploymentPostprocessing = 0;
		};
/* End PBXFrameworksBuildPhase section */

/* Begin PBXGroup section */
		D7807E341F53198100E8648B = {
			isa = PBXGroup;
			children = (
				D7807E611F531C5200E8648B /* Component */,
				D7807E521F531C1400E8648B /* Classes */,
				D7807E3F1F53198100E8648B /* SwiftDI */,
				D7807E3E1F53198100E8648B /* Products */,
			);
			sourceTree = "<group>";
		};
		D7807E3E1F53198100E8648B /* Products */ = {
			isa = PBXGroup;
			children = (
				D7807E3D1F53198100E8648B /* SwiftDI.app */,
			);
			name = Products;
			sourceTree = "<group>";
		};
		D7807E3F1F53198100E8648B /* SwiftDI */ = {
			isa = PBXGroup;
			children = (
				D7807E401F53198100E8648B /* AppDelegate.swift */,
				D7807E421F53198100E8648B /* ViewController.swift */,
				D7807E441F53198100E8648B /* Main.storyboard */,
				D7807E471F53198100E8648B /* Assets.xcassets */,
				D7807E491F53198100E8648B /* LaunchScreen.storyboard */,
				D7807E4C1F53198100E8648B /* Info.plist */,
			);
			path = SwiftDI;
			sourceTree = "<group>";
		};
		D7807E521F531C1400E8648B /* Classes */ = {
			isa = PBXGroup;
			children = (
				D7807E531F531C4500E8648B /* AppList.swift */,
				D7807E541F531C4500E8648B /* AppRepository.swift */,
				D7807E551F531C4500E8648B /* ConnectionConfigure.swift */,
				D7807E561F531C4500E8648B /* RecordList.swift */,
				D7807E571F531C4500E8648B /* Root.swift */,
			);
			name = Classes;
			sourceTree = "<group>";
		};
		D7807E611F531C5200E8648B /* Component */ = {
			isa = PBXGroup;
			children = (
				D7807E621F531C6300E8648B /* ApplicationComponent.swift */,
				D7807E631F531C6300E8648B /* ApplicationModule.swift */,
				D7807E661F531DA900E8648B /* SessionComponent.swift */,
			);
			name = Component;
			sourceTree = "<group>";
		};
/* End PBXGroup section */

/* Begin PBXNativeTarget section */
		D7807E3C1F53198100E8648B /* SwiftDI */ = {
			isa = PBXNativeTarget;
			buildConfigurationList = D7807E4F1F53198100E8648B /* Build configuration list for PBXNativeTarget "SwiftDI" */;
			buildPhases = (
				D7807E391F53198100E8648B /* Sources */,
				D7807E3A1F53198100E8648B /* Frameworks */,
				D7807E3B1F53198100E8648B /* Resources */,
			);
			buildRules = (
			);
			dependencies = (
			);
			name = SwiftDI;
			productName = SwiftDI;
			productReference = D7807E3D1F53198100E8648B /* SwiftDI.app */;
			productType = "com.apple.product-type.application";
		};
/* End PBXNativeTarget section */

/* Begin PBXProject section */
		D7807E351F53198100E8648B /* Project object */ = {
			isa = PBXProject;
			attributes = {
				LastSwiftUpdateCheck = 0830;
				LastUpgradeCheck = 0830;
				ORGANIZATIONNAME = "mnr-kjm";
				TargetAttributes = {
					D7807E3C1F53198100E8648B = {
						CreatedOnToolsVersion = 8.3.3;
						ProvisioningStyle = Automatic;
					};
				};
			};
			buildConfigurationList = D7807E381F53198100E8648B /* Build configuration list for PBXProject "SwiftDI" */;
			compatibilityVersion = "Xcode 3.2";
			developmentRegion = English;
			hasScannedForEncodings = 0;
			knownRegions = (
				en,
				Base,
			);
			mainGroup = D7807E341F53198100E8648B;
			productRefGroup = D7807E3E1F53198100E8648B /* Products */;
			projectDirPath = "";
			projectRoot = "";
			targets = (
				D7807E3C1F53198100E8648B /* SwiftDI */,
			);
		};
/* End PBXProject section */

/* Begin PBXResourcesBuildPhase section */
		D7807E3B1F53198100E8648B /* Resources */ = {
			isa = PBXResourcesBuildPhase;
			buildActionMask = 2147483647;
			files = (
				D7807E4B1F53198100E8648B /* LaunchScreen.storyboard in Resources */,
				D7807E481F53198100E8648B /* Assets.xcassets in Resources */,
				D7807E461F53198100E8648B /* Main.storyboard in Resources */,
			);
			runOnlyForDeploymentPostprocessing = 0;
		};
/* End PBXResourcesBuildPhase section */

/* Begin PBXSourcesBuildPhase section */
		D7807E391F53198100E8648B /* Sources */ = {
			isa = PBXSourcesBuildPhase;
			buildActionMask = 2147483647;
			files = (
				D7807E431F53198100E8648B /* ViewController.swift in Sources */,
				D7807E641F531C6300E8648B /* ApplicationComponent.swift in Sources */,
				D7807E5A1F531C4500E8648B /* AppList.swift in Sources */,
				D7807E5E1F531C4500E8648B /* Root.swift in Sources */,
				D7807E5D1F531C4500E8648B /* RecordList.swift in Sources */,
				D7807E651F531C6300E8648B /* ApplicationModule.swift in Sources */,
				D7807E671F531DA900E8648B /* SessionComponent.swift in Sources */,
				D7807E411F53198100E8648B /* AppDelegate.swift in Sources */,
				D7807E5C1F531C4500E8648B /* ConnectionConfigure.swift in Sources */,
				D7807E5B1F531C4500E8648B /* AppRepository.swift in Sources */,
			);
			runOnlyForDeploymentPostprocessing = 0;
		};
/* End PBXSourcesBuildPhase section */

/* Begin PBXVariantGroup section */
		D7807E441F53198100E8648B /* Main.storyboard */ = {
			isa = PBXVariantGroup;
			children = (
				D7807E451F53198100E8648B /* Base */,
			);
			name = Main.storyboard;
			sourceTree = "<group>";
		};
		D7807E491F53198100E8648B /* LaunchScreen.storyboard */ = {
			isa = PBXVariantGroup;
			children = (
				D7807E4A1F53198100E8648B /* Base */,
			);
			name = LaunchScreen.storyboard;
			sourceTree = "<group>";
		};
/* End PBXVariantGroup section */

/* Begin XCBuildConfiguration section */
		D7807E4D1F53198100E8648B /* Debug */ = {
			isa = XCBuildConfiguration;
			buildSettings = {
				ALWAYS_SEARCH_USER_PATHS = NO;
				CLANG_ANALYZER_NONNULL = YES;
				CLANG_ANALYZER_NUMBER_OBJECT_CONVERSION = YES_AGGRESSIVE;
				CLANG_CXX_LANGUAGE_STANDARD = "gnu++0x";
				CLANG_CXX_LIBRARY = "libc++";
				CLANG_ENABLE_MODULES = YES;
				CLANG_ENABLE_OBJC_ARC = YES;
				CLANG_WARN_BOOL_CONVERSION = YES;
				CLANG_WARN_CONSTANT_CONVERSION = YES;
				CLANG_WARN_DIRECT_OBJC_ISA_USAGE = YES_ERROR;
				CLANG_WARN_DOCUMENTATION_COMMENTS = YES;
				CLANG_WARN_EMPTY_BODY = YES;
				CLANG_WARN_ENUM_CONVERSION = YES;
				CLANG_WARN_INFINITE_RECURSION = YES;
				CLANG_WARN_INT_CONVERSION = YES;
				CLANG_WARN_OBJC_ROOT_CLASS = YES_ERROR;
				CLANG_WARN_SUSPICIOUS_MOVE = YES;
				CLANG_WARN_UNREACHABLE_CODE = YES;
				CLANG_WARN__DUPLICATE_METHOD_MATCH = YES;
				"CODE_SIGN_IDENTITY[sdk=iphoneos*]" = "iPhone Developer";
				COPY_PHASE_STRIP = NO;
				DEBUG_INFORMATION_FORMAT = dwarf;
				ENABLE_STRICT_OBJC_MSGSEND = YES;
				ENABLE_TESTABILITY = YES;
				GCC_C_LANGUAGE_STANDARD = gnu99;
				GCC_DYNAMIC_NO_PIC = NO;
				GCC_NO_COMMON_BLOCKS = YES;
				GCC_OPTIMIZATION_LEVEL = 0;
				GCC_PREPROCESSOR_DEFINITIONS = (
					"DEBUG=1",
					"$(inherited)",
				);
				GCC_WARN_64_TO_32_BIT_CONVERSION = YES;
				GCC_WARN_ABOUT_RETURN_TYPE = YES_ERROR;
				GCC_WARN_UNDECLARED_SELECTOR = YES;
				GCC_WARN_UNINITIALIZED_AUTOS = YES_AGGRESSIVE;
				GCC_WARN_UNUSED_FUNCTION = YES;
				GCC_WARN_UNUSED_VARIABLE = YES;
				IPHONEOS_DEPLOYMENT_TARGET = 10.3;
				MTL_ENABLE_DEBUG_INFO = YES;
				ONLY_ACTIVE_ARCH = YES;
				SDKROOT = iphoneos;
				SWIFT_ACTIVE_COMPILATION_CONDITIONS = DEBUG;
				SWIFT_OPTIMIZATION_LEVEL = "-Onone";
				TARGETED_DEVICE_FAMILY = "1,2";
			};
			name = Debug;
		};
		D7807E4E1F53198100E8648B /* Release */ = {
			isa = XCBuildConfiguration;
			buildSettings = {
				ALWAYS_SEARCH_USER_PATHS = NO;
				CLANG_ANALYZER_NONNULL = YES;
				CLANG_ANALYZER_NUMBER_OBJECT_CONVERSION = YES_AGGRESSIVE;
				CLANG_CXX_LANGUAGE_STANDARD = "gnu++0x";
				CLANG_CXX_LIBRARY = "libc++";
				CLANG_ENABLE_MODULES = YES;
				CLANG_ENABLE_OBJC_ARC = YES;
				CLANG_WARN_BOOL_CONVERSION = YES;
				CLANG_WARN_CONSTANT_CONVERSION = YES;
				CLANG_WARN_DIRECT_OBJC_ISA_USAGE = YES_ERROR;
				CLANG_WARN_DOCUMENTATION_COMMENTS = YES;
				CLANG_WARN_EMPTY_BODY = YES;
				CLANG_WARN_ENUM_CONVERSION = YES;
				CLANG_WARN_INFINITE_RECURSION = YES;
				CLANG_WARN_INT_CONVERSION = YES;
				CLANG_WARN_OBJC_ROOT_CLASS = YES_ERROR;
				CLANG_WARN_SUSPICIOUS_MOVE = YES;
				CLANG_WARN_UNREACHABLE_CODE = YES;
				CLANG_WARN__DUPLICATE_METHOD_MATCH = YES;
				"CODE_SIGN_IDENTITY[sdk=iphoneos*]" = "iPhone Developer";
				COPY_PHASE_STRIP = NO;
				DEBUG_INFORMATION_FORMAT = "dwarf-with-dsym";
				ENABLE_NS_ASSERTIONS = NO;
				ENABLE_STRICT_OBJC_MSGSEND = YES;
				GCC_C_LANGUAGE_STANDARD = gnu99;
				GCC_NO_COMMON_BLOCKS = YES;
				GCC_WARN_64_TO_32_BIT_CONVERSION = YES;
				GCC_WARN_ABOUT_RETURN_TYPE = YES_ERROR;
				GCC_WARN_UNDECLARED_SELECTOR = YES;
				GCC_WARN_UNINITIALIZED_AUTOS = YES_AGGRESSIVE;
				GCC_WARN_UNUSED_FUNCTION = YES;
				GCC_WARN_UNUSED_VARIABLE = YES;
				IPHONEOS_DEPLOYMENT_TARGET = 10.3;
				MTL_ENABLE_DEBUG_INFO = NO;
				SDKROOT = iphoneos;
				SWIFT_OPTIMIZATION_LEVEL = "-Owholemodule";
				TARGETED_DEVICE_FAMILY = "1,2";
				VALIDATE_PRODUCT = YES;
			};
			name = Release;
		};
		D7807E501F53198100E8648B /* Debug */ = {
			isa = XCBuildConfiguration;
			buildSettings = {
				ASSETCATALOG_COMPILER_APPICON_NAME = AppIcon;
				INFOPLIST_FILE = SwiftDI/Info.plist;
				LD_RUNPATH_SEARCH_PATHS = "$(inherited) @executable_path/Frameworks";
				PRODUCT_BUNDLE_IDENTIFIER = sample.SwiftDI;
				PRODUCT_NAME = "$(TARGET_NAME)";
				SWIFT_VERSION = 3.0;
			};
			name = Debug;
		};
		D7807E511F53198100E8648B /* Release */ = {
			isa = XCBuildConfiguration;
			buildSettings = {
				ASSETCATALOG_COMPILER_APPICON_NAME = AppIcon;
				INFOPLIST_FILE = SwiftDI/Info.plist;
				LD_RUNPATH_SEARCH_PATHS = "$(inherited) @executable_path/Frameworks";
				PRODUCT_BUNDLE_IDENTIFIER = sample.SwiftDI;
				PRODUCT_NAME = "$(TARGET_NAME)";
				SWIFT_VERSION = 3.0;
			};
			name = Release;
		};
/* End XCBuildConfiguration section */

/* Begin XCConfigurationList section */
		D7807E381F53198100E8648B /* Build configuration list for PBXProject "SwiftDI" */ = {
			isa = XCConfigurationList;
			buildConfigurations = (
				D7807E4D1F53198100E8648B /* Debug */,
				D7807E4E1F53198100E8648B /* Release */,
			);
			defaultConfigurationIsVisible = 0;
			defaultConfigurationName = Release;
		};
		D7807E4F1F53198100E8648B /* Build configuration list for PBXNativeTarget "SwiftDI" */ = {
			isa = XCConfigurationList;
			buildConfigurations = (
				D7807E501F53198100E8648B /* Debug */,
				D7807E511F53198100E8648B /* Release */,
			);
			defaultConfigurationIsVisible = 0;
			defaultConfigurationName = Release;
		};
/* End XCConfigurationList section */
	};
	rootObject = D7807E351F53198100E8648B /* Project object */;
}
